<Solution>
  <Project Path="DemoApp/DemoApp.csproj" />
  <Project Path="MiniDashboard.Avalonia/MiniDashboard.Avalonia.csproj" />
  <Project Path="MiniDashboard.ScottPlot/MiniDashboard.Avalonia.ScottPlot.csproj" />
  <Project Path="MiniDashboard.TreeDataGrid/MiniDashboard.Avalonia.TreeDataGrid.csproj" />
</Solution>
